
Microsoft Visual Studio Solution File, Format Version 12.00
# Visual Studio Version 16
VisualStudioVersion = 16.0.30509.190
MinimumVisualStudioVersion = 10.0.40219.1
Project("{9A19103F-16F7-4668-BE54-9A1E7A4F7556}") = "Skate3Server.Host", "src\Skate3Server.Host\Skate3Server.Host.csproj", "{6DDC3092-47D5-4F95-BAD4-B72417E276DD}"
EndProject
Project("{9A19103F-16F7-4668-BE54-9A1E7A4F7556}") = "Skate3Server.Blaze", "src\Skate3Server.Blaze\Skate3Server.Blaze.csproj", "{6B9BA188-3AD2-4675-94A9-6772400DAB30}"
EndProject
Project("{2150E333-8FDC-42A3-9474-1A3956D46DE8}") = "src", "src", "{256096F1-70C9-47C3-827E-EFC3A38C76C1}"
EndProject
Project("{2150E333-8FDC-42A3-9474-1A3956D46DE8}") = "tests", "tests", "{9587B117-88DE-4ABE-A3F5-F9FF29955BAA}"
EndProject
Project("{9A19103F-16F7-4668-BE54-9A1E7A4F7556}") = "Skate3Server.Blaze.Tests", "tests\Skate3Server.Blaze.Tests\Skate3Server.Blaze.Tests.csproj", "{AA6D38B9-37AC-4B2E-9661-131060690A8D}"
EndProject
Project("{9A19103F-16F7-4668-BE54-9A1E7A4F7556}") = "Skate3Server.BlazeProxy", "tools\Skate3Server.BlazeProxy\Skate3Server.BlazeProxy.csproj", "{B0EAC19E-1465-471F-AD03-C5233CF5BE59}"
EndProject
Project("{2150E333-8FDC-42A3-9474-1A3956D46DE8}") = "tools", "tools", "{07051FC8-2BB0-4339-8AF1-1EF5DBD08B5D}"
EndProject
Project("{9A19103F-16F7-4668-BE54-9A1E7A4F7556}") = "Skate3Server.Common", "src\Skate3Server.Common\Skate3Server.Common.csproj", "{89F2B0DC-4534-48E1-B776-B7149510A67B}"
EndProject
Project("{9A19103F-16F7-4668-BE54-9A1E7A4F7556}") = "Skate3Server.Common.Tests", "tests\Skate3Server.Common.Tests\Skate3Server.Common.Tests.csproj", "{C05137AF-F193-4309-A9D1-BE088483A776}"
EndProject
Project("{FAE04EC0-301F-11D3-BF4B-00C04F79EFBC}") = "Skate3Server.Api", "src\Skate3Server.Api\Skate3Server.Api.csproj", "{7F6EA5C2-EDF4-4F5C-BAD9-34BD0B0CD5F9}"
EndProject
Global
	GlobalSection(SolutionConfigurationPlatforms) = preSolution
		Debug|Any CPU = Debug|Any CPU
		Release|Any CPU = Release|Any CPU
	EndGlobalSection
	GlobalSection(ProjectConfigurationPlatforms) = postSolution
		{6DDC3092-47D5-4F95-BAD4-B72417E276DD}.Debug|Any CPU.ActiveCfg = Debug|Any CPU
		{6DDC3092-47D5-4F95-BAD4-B72417E276DD}.Debug|Any CPU.Build.0 = Debug|Any CPU
		{6DDC3092-47D5-4F95-BAD4-B72417E276DD}.Release|Any CPU.ActiveCfg = Release|Any CPU
		{6DDC3092-47D5-4F95-BAD4-B72417E276DD}.Release|Any CPU.Build.0 = Release|Any CPU
		{6B9BA188-3AD2-4675-94A9-6772400DAB30}.Debug|Any CPU.ActiveCfg = Debug|Any CPU
		{6B9BA188-3AD2-4675-94A9-6772400DAB30}.Debug|Any CPU.Build.0 = Debug|Any CPU
		{6B9BA188-3AD2-4675-94A9-6772400DAB30}.Release|Any CPU.ActiveCfg = Release|Any CPU
		{6B9BA188-3AD2-4675-94A9-6772400DAB30}.Release|Any CPU.Build.0 = Release|Any CPU
		{AA6D38B9-37AC-4B2E-9661-131060690A8D}.Debug|Any CPU.ActiveCfg = Debug|Any CPU
		{AA6D38B9-37AC-4B2E-9661-131060690A8D}.Debug|Any CPU.Build.0 = Debug|Any CPU
		{AA6D38B9-37AC-4B2E-9661-131060690A8D}.Release|Any CPU.ActiveCfg = Release|Any CPU
		{AA6D38B9-37AC-4B2E-9661-131060690A8D}.Release|Any CPU.Build.0 = Release|Any CPU
		{B0EAC19E-1465-471F-AD03-C5233CF5BE59}.Debug|Any CPU.ActiveCfg = Debug|Any CPU
		{B0EAC19E-1465-471F-AD03-C5233CF5BE59}.Debug|Any CPU.Build.0 = Debug|Any CPU
		{B0EAC19E-1465-471F-AD03-C5233CF5BE59}.Release|Any CPU.ActiveCfg = Release|Any CPU
		{B0EAC19E-1465-471F-AD03-C5233CF5BE59}.Release|Any CPU.Build.0 = Release|Any CPU
		{89F2B0DC-4534-48E1-B776-B7149510A67B}.Debug|Any CPU.ActiveCfg = Debug|Any CPU
		{89F2B0DC-4534-48E1-B776-B7149510A67B}.Debug|Any CPU.Build.0 = Debug|Any CPU
		{89F2B0DC-4534-48E1-B776-B7149510A67B}.Release|Any CPU.ActiveCfg = Release|Any CPU
		{89F2B0DC-4534-48E1-B776-B7149510A67B}.Release|Any CPU.Build.0 = Release|Any CPU
		{C05137AF-F193-4309-A9D1-BE088483A776}.Debug|Any CPU.ActiveCfg = Debug|Any CPU
		{C05137AF-F193-4309-A9D1-BE088483A776}.Debug|Any CPU.Build.0 = Debug|Any CPU
		{C05137AF-F193-4309-A9D1-BE088483A776}.Release|Any CPU.ActiveCfg = Release|Any CPU
		{C05137AF-F193-4309-A9D1-BE088483A776}.Release|Any CPU.Build.0 = Release|Any CPU
		{7F6EA5C2-EDF4-4F5C-BAD9-34BD0B0CD5F9}.Debug|Any CPU.ActiveCfg = Debug|Any CPU
		{7F6EA5C2-EDF4-4F5C-BAD9-34BD0B0CD5F9}.Debug|Any CPU.Build.0 = Debug|Any CPU
		{7F6EA5C2-EDF4-4F5C-BAD9-34BD0B0CD5F9}.Release|Any CPU.ActiveCfg = Release|Any CPU
		{7F6EA5C2-EDF4-4F5C-BAD9-34BD0B0CD5F9}.Release|Any CPU.Build.0 = Release|Any CPU
	EndGlobalSection
	GlobalSection(SolutionProperties) = preSolution
		HideSolutionNode = FALSE
	EndGlobalSection
	GlobalSection(NestedProjects) = preSolution
		{6DDC3092-47D5-4F95-BAD4-B72417E276DD} = {256096F1-70C9-47C3-827E-EFC3A38C76C1}
		{6B9BA188-3AD2-4675-94A9-6772400DAB30} = {256096F1-70C9-47C3-827E-EFC3A38C76C1}
		{AA6D38B9-37AC-4B2E-9661-131060690A8D} = {9587B117-88DE-4ABE-A3F5-F9FF29955BAA}
		{B0EAC19E-1465-471F-AD03-C5233CF5BE59} = {07051FC8-2BB0-4339-8AF1-1EF5DBD08B5D}
		{89F2B0DC-4534-48E1-B776-B7149510A67B} = {256096F1-70C9-47C3-827E-EFC3A38C76C1}
		{C05137AF-F193-4309-A9D1-BE088483A776} = {9587B117-88DE-4ABE-A3F5-F9FF29955BAA}
		{7F6EA5C2-EDF4-4F5C-BAD9-34BD0B0CD5F9} = {256096F1-70C9-47C3-827E-EFC3A38C76C1}
	EndGlobalSection
	GlobalSection(ExtensibilityGlobals) = postSolution
		SolutionGuid = {2F926ECD-AECA-4D03-A918-3E2C493E7CB5}
	EndGlobalSection
EndGlobal
